
Microsoft Visual Studio Solution File, Format Version 12.00
# Visual Studio Version 17
VisualStudioVersion = 17.4.33213.308
MinimumVisualStudioVersion = 10.0.40219.1
Project("{FAE04EC0-301F-11D3-BF4B-00C04F79EFBC}") = "Frisk 2.0", "Frisk 2.0.csproj", "{BD6813C9-616B-4EA4-B0CF-F64DC8A3EACD}"
EndProject
Global
	GlobalSection(SolutionConfigurationPlatforms) = preSolution
		Debug|Any CPU = Debug|Any CPU
		Release|Any CPU = Release|Any CPU
	EndGlobalSection
	GlobalSection(ProjectConfigurationPlatforms) = postSolution
		{BD6813C9-616B-4EA4-B0CF-F64DC8A3EACD}.Debug|Any CPU.ActiveCfg = Debug|Any CPU
		{BD6813C9-616B-4EA4-B0CF-F64DC8A3EACD}.Debug|Any CPU.Build.0 = Debug|Any CPU
		{BD6813C9-616B-4EA4-B0CF-F64DC8A3EACD}.Release|Any CPU.ActiveCfg = Release|Any CPU
		{BD6813C9-616B-4EA4-B0CF-F64DC8A3EACD}.Release|Any CPU.Build.0 = Release|Any CPU
	EndGlobalSection
	GlobalSection(SolutionProperties) = preSolution
		HideSolutionNode = FALSE
	EndGlobalSection
	GlobalSection(ExtensibilityGlobals) = postSolution
		SolutionGuid = {1D4C34B4-320B-4C42-92C1-42250C235C9B}
	EndGlobalSection
EndGlobal
